
Microsoft Visual Studio Solution File, Format Version 12.00
# Visual Studio Version 17
VisualStudioVersion = 17.9.34616.47
MinimumVisualStudioVersion = 10.0.40219.1
Project("{2150E333-8FDC-42A3-9474-1A3956D46DE8}") = "Core", "Core", "{0809F103-5ED8-4913-836A-193F81852E46}"
EndProject
Project("{9A19103F-16F7-4668-BE54-9A1E7A4F7556}") = "Domain", "Domain\Domain.csproj", "{6AFB0A35-CA2B-44D7-A5F9-C584067F20E2}"
EndProject
Project("{9A19103F-16F7-4668-BE54-9A1E7A4F7556}") = "Application", "Application\Application.csproj", "{27A9F73B-A223-4569-9D31-BB3AFEF1C2C2}"
EndProject
Project("{2150E333-8FDC-42A3-9474-1A3956D46DE8}") = "Infrastructure", "Infrastructure", "{3CF26AF0-CE2A-47DF-B35F-9D60593794A2}"
EndProject
Project("{FAE04EC0-301F-11D3-BF4B-00C04F79EFBC}") = "Persistence", "Persistence\Persistence.csproj", "{F90B9F5D-7223-4D6D-8164-050DC29A3D89}"
EndProject
Project("{2150E333-8FDC-42A3-9474-1A3956D46DE8}") = "Presentation", "Presentation", "{E083EE81-9DB0-4DC2-9238-1F9D461A88AF}"
EndProject
Project("{FAE04EC0-301F-11D3-BF4B-00C04F79EFBC}") = "MVC", "MVC\MVC.csproj", "{197BDC6A-8954-4D83-A0C6-53FCE23C8C20}"
EndProject
Global
	GlobalSection(SolutionConfigurationPlatforms) = preSolution
		Debug|Any CPU = Debug|Any CPU
		Release|Any CPU = Release|Any CPU
	EndGlobalSection
	GlobalSection(ProjectConfigurationPlatforms) = postSolution
		{6AFB0A35-CA2B-44D7-A5F9-C584067F20E2}.Debug|Any CPU.ActiveCfg = Debug|Any CPU
		{6AFB0A35-CA2B-44D7-A5F9-C584067F20E2}.Debug|Any CPU.Build.0 = Debug|Any CPU
		{6AFB0A35-CA2B-44D7-A5F9-C584067F20E2}.Release|Any CPU.ActiveCfg = Release|Any CPU
		{6AFB0A35-CA2B-44D7-A5F9-C584067F20E2}.Release|Any CPU.Build.0 = Release|Any CPU
		{27A9F73B-A223-4569-9D31-BB3AFEF1C2C2}.Debug|Any CPU.ActiveCfg = Debug|Any CPU
		{27A9F73B-A223-4569-9D31-BB3AFEF1C2C2}.Debug|Any CPU.Build.0 = Debug|Any CPU
		{27A9F73B-A223-4569-9D31-BB3AFEF1C2C2}.Release|Any CPU.ActiveCfg = Release|Any CPU
		{27A9F73B-A223-4569-9D31-BB3AFEF1C2C2}.Release|Any CPU.Build.0 = Release|Any CPU
		{F90B9F5D-7223-4D6D-8164-050DC29A3D89}.Debug|Any CPU.ActiveCfg = Debug|Any CPU
		{F90B9F5D-7223-4D6D-8164-050DC29A3D89}.Debug|Any CPU.Build.0 = Debug|Any CPU
		{F90B9F5D-7223-4D6D-8164-050DC29A3D89}.Release|Any CPU.ActiveCfg = Release|Any CPU
		{F90B9F5D-7223-4D6D-8164-050DC29A3D89}.Release|Any CPU.Build.0 = Release|Any CPU
		{197BDC6A-8954-4D83-A0C6-53FCE23C8C20}.Debug|Any CPU.ActiveCfg = Debug|Any CPU
		{197BDC6A-8954-4D83-A0C6-53FCE23C8C20}.Debug|Any CPU.Build.0 = Debug|Any CPU
		{197BDC6A-8954-4D83-A0C6-53FCE23C8C20}.Release|Any CPU.ActiveCfg = Release|Any CPU
		{197BDC6A-8954-4D83-A0C6-53FCE23C8C20}.Release|Any CPU.Build.0 = Release|Any CPU
	EndGlobalSection
	GlobalSection(SolutionProperties) = preSolution
		HideSolutionNode = FALSE
	EndGlobalSection
	GlobalSection(NestedProjects) = preSolution
		{6AFB0A35-CA2B-44D7-A5F9-C584067F20E2} = {0809F103-5ED8-4913-836A-193F81852E46}
		{27A9F73B-A223-4569-9D31-BB3AFEF1C2C2} = {0809F103-5ED8-4913-836A-193F81852E46}
		{F90B9F5D-7223-4D6D-8164-050DC29A3D89} = {3CF26AF0-CE2A-47DF-B35F-9D60593794A2}
		{197BDC6A-8954-4D83-A0C6-53FCE23C8C20} = {E083EE81-9DB0-4DC2-9238-1F9D461A88AF}
	EndGlobalSection
	GlobalSection(ExtensibilityGlobals) = postSolution
		SolutionGuid = {5B9F6DCB-A6AD-4B3C-9500-1782A2BFAD6E}
	EndGlobalSection
EndGlobal
